%{
  "jason": {:hex, :jason, "1.4.5", "2e3a008590b0b8d7388c20293e9dcc9cf3e5d642fd2a114e4cbbb52e595d940a", [:mix], [{:decimal, "~> 1.0 or ~> 2.0 or ~> 3.0", [hex: :decimal, repo: "hexpm", optional: true]}], "hexpm", "b0c823996102bcd0239b3c2444eb00409b72f6a140c1950bc8b457d836b30684"},
  "libgraph": {:hex, :libgraph, "0.16.0", "3936f3eca6ef826e08880230f806bfea13193e49bf153f93edcf0239d4fd1d07", [:mix], [], "hexpm", "41ca92240e8a4138c30a7e06466acc709b0cbb795c643e9e17174a178982d6bf"},
  "reach": {:hex, :reach, "2.3.2", "de5cfbe8a6a9ea7010bcedc7be5e1f2cfd60b549f5cc492e24e87ea363ac350b", [:mix], [{:boxart, "~> 0.3.3", [hex: :boxart, repo: "hexpm", optional: true]}, {:ex_ast, "~> 0.11.2", [hex: :ex_ast, repo: "hexpm", optional: false]}, {:ex_dna, "~> 1.5", [hex: :ex_dna, repo: "hexpm", optional: true]}, {:jason, "~> 1.0", [hex: :jason, repo: "hexpm", optional: true]}, {:libgraph, "~> 0.16.0", [hex: :libgraph, repo: "hexpm", optional: false]}, {:makeup, "~> 1.0", [hex: :makeup, repo: "hexpm", optional: true]}, {:makeup_elixir, "~> 1.0", [hex: :makeup_elixir, repo: "hexpm", optional: true]}, {:makeup_js, "~> 0.1", [hex: :makeup_js, repo: "hexpm", optional: true]}, {:quickbeam, "~> 0.10", [hex: :quickbeam, repo: "hexpm", optional: true]}], "hexpm", "2615a374611733892d2fbe89c1539bf3d2c37dab1ece49ba7b8d4f79a526cd64"},
  "sourceror": {:hex, :sourceror, "1.12.0", "da354c5f35aad3cc1132f5d5b0d8437d865e2661c263260480bab51b5eedb437", [:mix], [], "hexpm", "755703683bd014ebcd5de9acc24b68fb874a660a568d1d63f8f98cd8a6ef9cd0"},
}
